
Microsoft Visual Studio Solution File, Format Version 12.00
# Visual Studio Version 17
VisualStudioVersion = 17.6.33712.159
MinimumVisualStudioVersion = 10.0.40219.1
Project("{FAE04EC0-301F-11D3-BF4B-00C04F79EFBC}") = "BlazorApp", "BlazorApp\BlazorApp.csproj", "{284FAE40-0F59-4D59-B81F-0724118BD861}"
EndProject
Global
	GlobalSection(SolutionConfigurationPlatforms) = preSolution
		Debug|Any CPU = Debug|Any CPU
		Release|Any CPU = Release|Any CPU
	EndGlobalSection
	GlobalSection(ProjectConfigurationPlatforms) = postSolution
		{284FAE40-0F59-4D59-B81F-0724118BD861}.Debug|Any CPU.ActiveCfg = Debug|Any CPU
		{284FAE40-0F59-4D59-B81F-0724118BD861}.Debug|Any CPU.Build.0 = Debug|Any CPU
		{284FAE40-0F59-4D59-B81F-0724118BD861}.Release|Any CPU.ActiveCfg = Release|Any CPU
		{284FAE40-0F59-4D59-B81F-0724118BD861}.Release|Any CPU.Build.0 = Release|Any CPU
	EndGlobalSection
	GlobalSection(SolutionProperties) = preSolution
		HideSolutionNode = FALSE
	EndGlobalSection
	GlobalSection(ExtensibilityGlobals) = postSolution
		SolutionGuid = {04E8D760-63BF-414D-8941-A525459A28CE}
	EndGlobalSection
EndGlobal
