
Microsoft Visual Studio Solution File, Format Version 12.00
# Visual Studio Version 17
VisualStudioVersion = 17.6.33712.159
MinimumVisualStudioVersion = 10.0.40219.1
Project("{FAE04EC0-301F-11D3-BF4B-00C04F79EFBC}") = "FirstMVCApp", "FirstMVCApp\FirstMVCApp.csproj", "{B97AF091-F034-4452-9B4D-8A83B19AFD4C}"
EndProject
Global
	GlobalSection(SolutionConfigurationPlatforms) = preSolution
		Debug|Any CPU = Debug|Any CPU
		Release|Any CPU = Release|Any CPU
	EndGlobalSection
	GlobalSection(ProjectConfigurationPlatforms) = postSolution
		{B97AF091-F034-4452-9B4D-8A83B19AFD4C}.Debug|Any CPU.ActiveCfg = Debug|Any CPU
		{B97AF091-F034-4452-9B4D-8A83B19AFD4C}.Debug|Any CPU.Build.0 = Debug|Any CPU
		{B97AF091-F034-4452-9B4D-8A83B19AFD4C}.Release|Any CPU.ActiveCfg = Release|Any CPU
		{B97AF091-F034-4452-9B4D-8A83B19AFD4C}.Release|Any CPU.Build.0 = Release|Any CPU
	EndGlobalSection
	GlobalSection(SolutionProperties) = preSolution
		HideSolutionNode = FALSE
	EndGlobalSection
	GlobalSection(ExtensibilityGlobals) = postSolution
		SolutionGuid = {753986B6-99A9-4E46-A707-4C4636ADFFA4}
	EndGlobalSection
EndGlobal
